
Microsoft Visual Studio Solution File, Format Version 11.00
# Visual C# Express 2010
Project("{FAE04EC0-301F-11D3-BF4B-00C04F79EFBC}") = "WindowsFormsApplication1", "WindowsFormsApplication1\WindowsFormsApplication1.csproj", "{C88888BC-3C5B-4056-A901-B3D585109D68}"
EndProject
Global
	GlobalSection(SolutionConfigurationPlatforms) = preSolution
		Debug|x86 = Debug|x86
		Release|x86 = Release|x86
	EndGlobalSection
	GlobalSection(ProjectConfigurationPlatforms) = postSolution
		{C88888BC-3C5B-4056-A901-B3D585109D68}.Debug|x86.ActiveCfg = Debug|x86
		{C88888BC-3C5B-4056-A901-B3D585109D68}.Debug|x86.Build.0 = Debug|x86
		{C88888BC-3C5B-4056-A901-B3D585109D68}.Release|x86.ActiveCfg = Release|x86
		{C88888BC-3C5B-4056-A901-B3D585109D68}.Release|x86.Build.0 = Release|x86
	EndGlobalSection
	GlobalSection(SolutionProperties) = preSolution
		HideSolutionNode = FALSE
	EndGlobalSection
EndGlobal
